
Microsoft Visual Studio Solution File, Format Version 12.00
# Visual Studio 2013
VisualStudioVersion = 12.0.31101.0
MinimumVisualStudioVersion = 10.0.40219.1
Project("{FAE04EC0-301F-11D3-BF4B-00C04F79EFBC}") = "Payments", "Payments\Payments.csproj", "{7BF8CF4A-E085-4C62-803A-6ED7B3D5D146}"
EndProject
Project("{2150E333-8FDC-42A3-9474-1A3956D46DE8}") = ".nuget", ".nuget", "{5B71111A-F9A8-4E04-8D84-FB4EF7A2E09B}"
EndProject
Project("{FAE04EC0-301F-11D3-BF4B-00C04F79EFBC}") = "Payments.Api.WebHost", "Payments.Api.WebHost\Payments.Api.WebHost.csproj", "{18D14F00-BE5B-426A-9CC8-AF2CD77A7BFC}"
EndProject
Project("{FAE04EC0-301F-11D3-BF4B-00C04F79EFBC}") = "Payments.Api.Tests", "Payments.Api.Tests\Payments.Api.Tests.csproj", "{176FC537-F2A6-4FDA-9D94-767E08AF48CE}"
EndProject
Project("{FAE04EC0-301F-11D3-BF4B-00C04F79EFBC}") = "Payments.Api", "Payments.Api\Payments.Api.csproj", "{FCA435F2-64C3-49E3-BD6C-DBA1285F7538}"
EndProject
Project("{2150E333-8FDC-42A3-9474-1A3956D46DE8}") = "Tests", "Tests", "{F9268FC5-1C99-4D13-8AAC-247D6BB7EE31}"
EndProject
Project("{FAE04EC0-301F-11D3-BF4B-00C04F79EFBC}") = "Payments.Api.WebHost.Tests", "Payments.Api.WebHost.Tests\Payments.Api.WebHost.Tests.csproj", "{6C5A52D8-79A0-4DC7-A6A2-5E8FDC12DD98}"
EndProject
Project("{FAE04EC0-301F-11D3-BF4B-00C04F79EFBC}") = "Payments.Core", "Payments.Core\Payments.Core.csproj", "{046FDCCB-AD72-4652-98C0-4B04996747F7}"
EndProject
Project("{FAE04EC0-301F-11D3-BF4B-00C04F79EFBC}") = "Payments.Data.InMemory", "Payments.Data.InMemory\Payments.Data.InMemory.csproj", "{FE4BDB20-E2FF-460F-8D70-088E5E011D38}"
EndProject
Global
	GlobalSection(SolutionConfigurationPlatforms) = preSolution
		Debug|Any CPU = Debug|Any CPU
		Release|Any CPU = Release|Any CPU
	EndGlobalSection
	GlobalSection(ProjectConfigurationPlatforms) = postSolution
		{7BF8CF4A-E085-4C62-803A-6ED7B3D5D146}.Debug|Any CPU.ActiveCfg = Debug|Any CPU
		{7BF8CF4A-E085-4C62-803A-6ED7B3D5D146}.Debug|Any CPU.Build.0 = Debug|Any CPU
		{7BF8CF4A-E085-4C62-803A-6ED7B3D5D146}.Release|Any CPU.ActiveCfg = Release|Any CPU
		{7BF8CF4A-E085-4C62-803A-6ED7B3D5D146}.Release|Any CPU.Build.0 = Release|Any CPU
		{18D14F00-BE5B-426A-9CC8-AF2CD77A7BFC}.Debug|Any CPU.ActiveCfg = Debug|Any CPU
		{18D14F00-BE5B-426A-9CC8-AF2CD77A7BFC}.Debug|Any CPU.Build.0 = Debug|Any CPU
		{18D14F00-BE5B-426A-9CC8-AF2CD77A7BFC}.Release|Any CPU.ActiveCfg = Release|Any CPU
		{18D14F00-BE5B-426A-9CC8-AF2CD77A7BFC}.Release|Any CPU.Build.0 = Release|Any CPU
		{176FC537-F2A6-4FDA-9D94-767E08AF48CE}.Debug|Any CPU.ActiveCfg = Debug|Any CPU
		{176FC537-F2A6-4FDA-9D94-767E08AF48CE}.Debug|Any CPU.Build.0 = Debug|Any CPU
		{176FC537-F2A6-4FDA-9D94-767E08AF48CE}.Release|Any CPU.ActiveCfg = Release|Any CPU
		{176FC537-F2A6-4FDA-9D94-767E08AF48CE}.Release|Any CPU.Build.0 = Release|Any CPU
		{FCA435F2-64C3-49E3-BD6C-DBA1285F7538}.Debug|Any CPU.ActiveCfg = Debug|Any CPU
		{FCA435F2-64C3-49E3-BD6C-DBA1285F7538}.Debug|Any CPU.Build.0 = Debug|Any CPU
		{FCA435F2-64C3-49E3-BD6C-DBA1285F7538}.Release|Any CPU.ActiveCfg = Release|Any CPU
		{FCA435F2-64C3-49E3-BD6C-DBA1285F7538}.Release|Any CPU.Build.0 = Release|Any CPU
		{6C5A52D8-79A0-4DC7-A6A2-5E8FDC12DD98}.Debug|Any CPU.ActiveCfg = Debug|Any CPU
		{6C5A52D8-79A0-4DC7-A6A2-5E8FDC12DD98}.Debug|Any CPU.Build.0 = Debug|Any CPU
		{6C5A52D8-79A0-4DC7-A6A2-5E8FDC12DD98}.Release|Any CPU.ActiveCfg = Release|Any CPU
		{6C5A52D8-79A0-4DC7-A6A2-5E8FDC12DD98}.Release|Any CPU.Build.0 = Release|Any CPU
		{046FDCCB-AD72-4652-98C0-4B04996747F7}.Debug|Any CPU.ActiveCfg = Debug|Any CPU
		{046FDCCB-AD72-4652-98C0-4B04996747F7}.Debug|Any CPU.Build.0 = Debug|Any CPU
		{046FDCCB-AD72-4652-98C0-4B04996747F7}.Release|Any CPU.ActiveCfg = Release|Any CPU
		{046FDCCB-AD72-4652-98C0-4B04996747F7}.Release|Any CPU.Build.0 = Release|Any CPU
		{FE4BDB20-E2FF-460F-8D70-088E5E011D38}.Debug|Any CPU.ActiveCfg = Debug|Any CPU
		{FE4BDB20-E2FF-460F-8D70-088E5E011D38}.Debug|Any CPU.Build.0 = Debug|Any CPU
		{FE4BDB20-E2FF-460F-8D70-088E5E011D38}.Release|Any CPU.ActiveCfg = Release|Any CPU
		{FE4BDB20-E2FF-460F-8D70-088E5E011D38}.Release|Any CPU.Build.0 = Release|Any CPU
	EndGlobalSection
	GlobalSection(SolutionProperties) = preSolution
		HideSolutionNode = FALSE
	EndGlobalSection
	GlobalSection(NestedProjects) = preSolution
		{176FC537-F2A6-4FDA-9D94-767E08AF48CE} = {F9268FC5-1C99-4D13-8AAC-247D6BB7EE31}
		{6C5A52D8-79A0-4DC7-A6A2-5E8FDC12DD98} = {F9268FC5-1C99-4D13-8AAC-247D6BB7EE31}
	EndGlobalSection
EndGlobal
